
Microsoft Visual Studio Solution File, Format Version 12.00
# Visual Studio Version 17
VisualStudioVersion = 17.5.33627.172
MinimumVisualStudioVersion = 10.0.40219.1
Project("{9A19103F-16F7-4668-BE54-9A1E7A4F7556}") = "LR0", "LR0\LR0.csproj", "{3E44AA32-C2A6-4177-B4F0-808FD1250E1B}"
EndProject
Project("{9A19103F-16F7-4668-BE54-9A1E7A4F7556}") = "LR1", "LR1\LR1.csproj", "{B87782D1-79F9-48FD-A94C-07B0DCA0434A}"
EndProject
Project("{9A19103F-16F7-4668-BE54-9A1E7A4F7556}") = "LR2", "LR2\LR2.csproj", "{A99EABA2-142E-42DC-BCB5-8EDA6426FEBE}"
EndProject
Project("{9A19103F-16F7-4668-BE54-9A1E7A4F7556}") = "LR3", "LR3\LR3.csproj", "{09CFAA4A-7D63-4CB1-A0F2-37863DE58D06}"
EndProject
Project("{FAE04EC0-301F-11D3-BF4B-00C04F79EFBC}") = "LR4", "LR4\LR4.csproj", "{C5C74905-DE36-4FE0-8B5F-ADD49EAA88D0}"
EndProject
Global
	GlobalSection(SolutionConfigurationPlatforms) = preSolution
		Debug|Any CPU = Debug|Any CPU
		Release|Any CPU = Release|Any CPU
	EndGlobalSection
	GlobalSection(ProjectConfigurationPlatforms) = postSolution
		{3E44AA32-C2A6-4177-B4F0-808FD1250E1B}.Debug|Any CPU.ActiveCfg = Debug|Any CPU
		{3E44AA32-C2A6-4177-B4F0-808FD1250E1B}.Debug|Any CPU.Build.0 = Debug|Any CPU
		{3E44AA32-C2A6-4177-B4F0-808FD1250E1B}.Release|Any CPU.ActiveCfg = Release|Any CPU
		{3E44AA32-C2A6-4177-B4F0-808FD1250E1B}.Release|Any CPU.Build.0 = Release|Any CPU
		{B87782D1-79F9-48FD-A94C-07B0DCA0434A}.Debug|Any CPU.ActiveCfg = Debug|Any CPU
		{B87782D1-79F9-48FD-A94C-07B0DCA0434A}.Debug|Any CPU.Build.0 = Debug|Any CPU
		{B87782D1-79F9-48FD-A94C-07B0DCA0434A}.Release|Any CPU.ActiveCfg = Release|Any CPU
		{B87782D1-79F9-48FD-A94C-07B0DCA0434A}.Release|Any CPU.Build.0 = Release|Any CPU
		{A99EABA2-142E-42DC-BCB5-8EDA6426FEBE}.Debug|Any CPU.ActiveCfg = Debug|Any CPU
		{A99EABA2-142E-42DC-BCB5-8EDA6426FEBE}.Debug|Any CPU.Build.0 = Debug|Any CPU
		{A99EABA2-142E-42DC-BCB5-8EDA6426FEBE}.Release|Any CPU.ActiveCfg = Release|Any CPU
		{A99EABA2-142E-42DC-BCB5-8EDA6426FEBE}.Release|Any CPU.Build.0 = Release|Any CPU
		{09CFAA4A-7D63-4CB1-A0F2-37863DE58D06}.Debug|Any CPU.ActiveCfg = Debug|Any CPU
		{09CFAA4A-7D63-4CB1-A0F2-37863DE58D06}.Debug|Any CPU.Build.0 = Debug|Any CPU
		{09CFAA4A-7D63-4CB1-A0F2-37863DE58D06}.Release|Any CPU.ActiveCfg = Release|Any CPU
		{09CFAA4A-7D63-4CB1-A0F2-37863DE58D06}.Release|Any CPU.Build.0 = Release|Any CPU
		{C5C74905-DE36-4FE0-8B5F-ADD49EAA88D0}.Debug|Any CPU.ActiveCfg = Debug|Any CPU
		{C5C74905-DE36-4FE0-8B5F-ADD49EAA88D0}.Debug|Any CPU.Build.0 = Debug|Any CPU
		{C5C74905-DE36-4FE0-8B5F-ADD49EAA88D0}.Release|Any CPU.ActiveCfg = Release|Any CPU
		{C5C74905-DE36-4FE0-8B5F-ADD49EAA88D0}.Release|Any CPU.Build.0 = Release|Any CPU
	EndGlobalSection
	GlobalSection(SolutionProperties) = preSolution
		HideSolutionNode = FALSE
	EndGlobalSection
	GlobalSection(ExtensibilityGlobals) = postSolution
		SolutionGuid = {8E5A6683-830E-4471-89AE-EA4CDF4A9B44}
	EndGlobalSection
EndGlobal
